
Microsoft Visual Studio Solution File, Format Version 12.00
# Visual Studio Version 16
VisualStudioVersion = 16.0.33328.57
MinimumVisualStudioVersion = 10.0.40219.1
Project("{FAE04EC0-301F-11D3-BF4B-00C04F79EFBC}") = "form", "test2\form.csproj", "{EDD3AFA1-2EF5-4E9B-917C-A38EF0C058F7}"
EndProject
Project("{FAE04EC0-301F-11D3-BF4B-00C04F79EFBC}") = "lvl2", "lvl2\lvl2.csproj", "{879E0E31-A64C-48AC-B343-66620969C322}"
EndProject
Project("{FAE04EC0-301F-11D3-BF4B-00C04F79EFBC}") = "datalvl", "datalvl\datalvl.csproj", "{0D97591F-DA5C-402A-87BA-7B2EA48C3E32}"
EndProject
Global
	GlobalSection(SolutionConfigurationPlatforms) = preSolution
		Debug|Any CPU = Debug|Any CPU
		Release|Any CPU = Release|Any CPU
	EndGlobalSection
	GlobalSection(ProjectConfigurationPlatforms) = postSolution
		{EDD3AFA1-2EF5-4E9B-917C-A38EF0C058F7}.Debug|Any CPU.ActiveCfg = Debug|Any CPU
		{EDD3AFA1-2EF5-4E9B-917C-A38EF0C058F7}.Debug|Any CPU.Build.0 = Debug|Any CPU
		{EDD3AFA1-2EF5-4E9B-917C-A38EF0C058F7}.Release|Any CPU.ActiveCfg = Release|Any CPU
		{EDD3AFA1-2EF5-4E9B-917C-A38EF0C058F7}.Release|Any CPU.Build.0 = Release|Any CPU
		{879E0E31-A64C-48AC-B343-66620969C322}.Debug|Any CPU.ActiveCfg = Debug|Any CPU
		{879E0E31-A64C-48AC-B343-66620969C322}.Debug|Any CPU.Build.0 = Debug|Any CPU
		{879E0E31-A64C-48AC-B343-66620969C322}.Release|Any CPU.ActiveCfg = Release|Any CPU
		{879E0E31-A64C-48AC-B343-66620969C322}.Release|Any CPU.Build.0 = Release|Any CPU
		{0D97591F-DA5C-402A-87BA-7B2EA48C3E32}.Debug|Any CPU.ActiveCfg = Debug|Any CPU
		{0D97591F-DA5C-402A-87BA-7B2EA48C3E32}.Debug|Any CPU.Build.0 = Debug|Any CPU
		{0D97591F-DA5C-402A-87BA-7B2EA48C3E32}.Release|Any CPU.ActiveCfg = Release|Any CPU
		{0D97591F-DA5C-402A-87BA-7B2EA48C3E32}.Release|Any CPU.Build.0 = Release|Any CPU
	EndGlobalSection
	GlobalSection(SolutionProperties) = preSolution
		HideSolutionNode = FALSE
	EndGlobalSection
	GlobalSection(ExtensibilityGlobals) = postSolution
		SolutionGuid = {781A818F-1C37-4B06-A0CA-0B38A2420CA7}
	EndGlobalSection
EndGlobal
